
Microsoft Visual Studio Solution File, Format Version 12.00
# Visual Studio Version 16
VisualStudioVersion = 16.0.810.9
MinimumVisualStudioVersion = 10.0.40219.1
Project("{FAE04EC0-301F-11D3-BF4B-00C04F79EFBC}") = "KUHorN", "KUHorN\KUHorN.csproj", "{8F120044-DBD6-4E07-A698-2CE0B3762FC9}"
EndProject
Global
	GlobalSection(SolutionConfigurationPlatforms) = preSolution
		Debug|Any CPU = Debug|Any CPU
		Release|Any CPU = Release|Any CPU
	EndGlobalSection
	GlobalSection(ProjectConfigurationPlatforms) = postSolution
		{8F120044-DBD6-4E07-A698-2CE0B3762FC9}.Debug|Any CPU.ActiveCfg = Debug|Any CPU
		{8F120044-DBD6-4E07-A698-2CE0B3762FC9}.Debug|Any CPU.Build.0 = Debug|Any CPU
		{8F120044-DBD6-4E07-A698-2CE0B3762FC9}.Release|Any CPU.ActiveCfg = Release|Any CPU
		{8F120044-DBD6-4E07-A698-2CE0B3762FC9}.Release|Any CPU.Build.0 = Release|Any CPU
	EndGlobalSection
	GlobalSection(SolutionProperties) = preSolution
		HideSolutionNode = FALSE
	EndGlobalSection
	GlobalSection(ExtensibilityGlobals) = postSolution
		SolutionGuid = {D000C14F-57E4-4F2B-B3DE-41E58C5597B9}
	EndGlobalSection
EndGlobal
